
Microsoft Visual Studio Solution File, Format Version 12.00
# Visual Studio Version 17
VisualStudioVersion = 17.13.35919.96
MinimumVisualStudioVersion = 10.0.40219.1
Project("{FAE04EC0-301F-11D3-BF4B-00C04F79EFBC}") = "PIS_Coursework", "PIS_Coursework\PIS_Coursework.csproj", "{CCA3A49A-351D-443B-AA09-3C7C22488741}"
EndProject
Project("{FAE04EC0-301F-11D3-BF4B-00C04F79EFBC}") = "DataAccess", "DataAccess\DataAccess.csproj", "{ABAA6074-5C64-433B-826D-F06AD4B21AC5}"
EndProject
Project("{FAE04EC0-301F-11D3-BF4B-00C04F79EFBC}") = "FacadeTest", "FacadeTest\FacadeTest.csproj", "{BEAE3000-AF88-42CA-A425-43AB5E0112B5}"
EndProject
Global
	GlobalSection(SolutionConfigurationPlatforms) = preSolution
		Debug|Any CPU = Debug|Any CPU
		Release|Any CPU = Release|Any CPU
	EndGlobalSection
	GlobalSection(ProjectConfigurationPlatforms) = postSolution
		{CCA3A49A-351D-443B-AA09-3C7C22488741}.Debug|Any CPU.ActiveCfg = Debug|Any CPU
		{CCA3A49A-351D-443B-AA09-3C7C22488741}.Debug|Any CPU.Build.0 = Debug|Any CPU
		{CCA3A49A-351D-443B-AA09-3C7C22488741}.Release|Any CPU.ActiveCfg = Release|Any CPU
		{CCA3A49A-351D-443B-AA09-3C7C22488741}.Release|Any CPU.Build.0 = Release|Any CPU
		{ABAA6074-5C64-433B-826D-F06AD4B21AC5}.Debug|Any CPU.ActiveCfg = Debug|Any CPU
		{ABAA6074-5C64-433B-826D-F06AD4B21AC5}.Debug|Any CPU.Build.0 = Debug|Any CPU
		{ABAA6074-5C64-433B-826D-F06AD4B21AC5}.Release|Any CPU.ActiveCfg = Release|Any CPU
		{ABAA6074-5C64-433B-826D-F06AD4B21AC5}.Release|Any CPU.Build.0 = Release|Any CPU
		{BEAE3000-AF88-42CA-A425-43AB5E0112B5}.Debug|Any CPU.ActiveCfg = Debug|Any CPU
		{BEAE3000-AF88-42CA-A425-43AB5E0112B5}.Debug|Any CPU.Build.0 = Debug|Any CPU
		{BEAE3000-AF88-42CA-A425-43AB5E0112B5}.Release|Any CPU.ActiveCfg = Release|Any CPU
		{BEAE3000-AF88-42CA-A425-43AB5E0112B5}.Release|Any CPU.Build.0 = Release|Any CPU
	EndGlobalSection
	GlobalSection(SolutionProperties) = preSolution
		HideSolutionNode = FALSE
	EndGlobalSection
	GlobalSection(ExtensibilityGlobals) = postSolution
		SolutionGuid = {727A7A8A-62DF-438D-B8AF-D786062AFD0F}
	EndGlobalSection
EndGlobal
